name: salmon
channels:
  - conda-forge
  - anaconda-fusion
  - defaults
dependencies:
  - alabaster=0.7.12=py_0
  - altair=4.2.0=pyhd8ed1ab_1
  - appnope=0.1.3=pyhd8ed1ab_0
  - asttokens=2.0.8=pyhd8ed1ab_0
  - attrs=22.1.0=pyh71513ae_1
  - babel=2.10.3=pyhd8ed1ab_0
  - backcall=0.2.0=pyh9f0ad1d_0
  - backports=1.0=py_2
  - backports.functools_lru_cache=1.6.4=pyhd8ed1ab_0
  - blosc=1.21.1=h97e831e_3
  - bokeh=2.0.1=py38h32f6830_0
  - brotlipy=0.7.0=py38hed1de0f_1004
  - bzip2=1.0.8=h0d85af4_4
  - ca-certificates=2022.9.14=h033912b_0
  - certifi=2022.9.14=pyhd8ed1ab_0
  - cffi=1.15.1=py38h86886aa_0
  - charset-normalizer=2.1.1=pyhd8ed1ab_0
  - click=8.0.4=py38h50d1736_0
  - cloudpickle=2.2.0=pyhd8ed1ab_0
  - colorama=0.4.5=pyhd8ed1ab_0
  - cryptography=37.0.4=py38h0f8513e_0
  - cython=0.29.32=py38h1c67a95_0
  - cytoolz=0.12.0=py38h0dd4459_0
  - dask=2021.11.2=pyhd8ed1ab_0
  - dask-core=2021.11.2=pyhd8ed1ab_0
  - debugpy=1.6.3=py38hd331d03_0
  - decorator=5.1.1=pyhd8ed1ab_0
  - distributed=2021.11.2=py38h50d1736_0
  - docutils=0.17.1=py38h50d1736_2
  - entrypoints=0.4=pyhd8ed1ab_0
  - executing=1.0.0=pyhd8ed1ab_0
  - freetype=2.12.1=h3f81eb7_0
  - fsspec=2022.8.2=pyhd8ed1ab_0
  - heapdict=1.0.1=py_0
  - idna=3.3=pyhd8ed1ab_0
  - imagesize=1.4.1=pyhd8ed1ab_0
  - importlib-metadata=4.11.4=py38h50d1736_0
  - importlib_resources=5.9.0=pyhd8ed1ab_0
  - ipykernel=6.15.3=pyh736e0ef_0
  - ipython=8.5.0=pyhd1c38e8_1
  - jedi=0.18.1=pyhd8ed1ab_2
  - jinja2=3.0.3=pyhd8ed1ab_0
  - joblib=1.2.0=pyhd8ed1ab_0
  - jpeg=9e=hac89ed1_2
  - jsonschema=4.16.0=pyhd8ed1ab_0
  - jupyter_client=7.3.4=pyhd8ed1ab_0
  - jupyter_core=4.11.1=py38h50d1736_0
  - lcms2=2.12=h577c468_0
  - lerc=4.0.0=hb486fe8_0
  - libblas=3.9.0=16_osx64_openblas
  - libcblas=3.9.0=16_osx64_openblas
  - libcxx=14.0.6=hccf4f1f_0
  - libdeflate=1.14=hb7f2c08_0
  - libffi=3.4.2=h0d85af4_5
  - libgfortran=5.0.0=10_4_0_h97931a8_25
  - libgfortran5=11.3.0=h082f757_25
  - liblapack=3.9.0=16_osx64_openblas
  - libopenblas=0.3.21=openmp_h429af6e_3
  - libpng=1.6.38=ha978bb4_0
  - libsodium=1.0.18=hbcb3906_1
  - libsqlite=3.39.3=ha978bb4_0
  - libtiff=4.4.0=hdb44e8a_4
  - libwebp-base=1.2.4=h775f41a_0
  - libxcb=1.13=h0d85af4_1004
  - libzlib=1.2.12=hfd90126_3
  - llvm-openmp=14.0.4=ha654fa7_0
  - locket=1.0.0=pyhd8ed1ab_0
  - lz4=4.0.0=py38h5cd37e2_2
  - lz4-c=1.9.3=he49afe7_1
  - markupsafe=2.1.1=py38hed1de0f_1
  - matplotlib-inline=0.1.6=pyhd8ed1ab_0
  - msgpack-python=1.0.4=py38hf58141a_0
  - nb_conda_kernels=2.3.1=py38h50d1736_1
  - ncurses=6.3=h96cf925_1
  - nest-asyncio=1.5.5=pyhd8ed1ab_0
  - numpy=1.23.3=py38h4289407_0
  - openjpeg=2.5.0=h5d0d7b0_1
  - openssl=1.1.1q=hfe4f2af_0
  - packaging=21.3=pyhd8ed1ab_0
  - pandas=1.4.4=py38h5e0dbaf_0
  - parso=0.8.3=pyhd8ed1ab_0
  - partd=1.3.0=pyhd8ed1ab_0
  - pexpect=4.8.0=pyh9f0ad1d_2
  - pickleshare=0.7.5=py_1003
  - pillow=9.2.0=py38h7bff4d5_2
  - pip=22.2.2=pyhd8ed1ab_0
  - pkgutil-resolve-name=1.3.10=pyhd8ed1ab_0
  - prompt-toolkit=3.0.31=pyha770c72_0
  - psutil=5.9.2=py38hef030d1_0
  - pthread-stubs=0.4=hc929b4f_1001
  - ptyprocess=0.7.0=pyhd3deb0d_0
  - pure_eval=0.2.2=pyhd8ed1ab_0
  - pycparser=2.21=pyhd8ed1ab_0
  - pygments=2.13.0=pyhd8ed1ab_0
  - pyopenssl=22.0.0=pyhd8ed1ab_0
  - pyparsing=3.0.9=pyhd8ed1ab_0
  - pyrsistent=0.18.1=py38hed1de0f_1
  - pysocks=1.7.1=pyha2e5f31_6
  - python=3.8.13=h394c593_0_cpython
  - python-blosc=1.10.6=py38h1a4fe92_0
  - python-dateutil=2.8.2=pyhd8ed1ab_0
  - python_abi=3.8=2_cp38
  - pytz=2022.2.1=pyhd8ed1ab_0
  - pyyaml=6.0=py38hed1de0f_4
  - pyzmq=24.0.0=py38h0b711fd_0
  - readline=8.1.2=h3899abd_0
  - requests=2.28.1=pyhd8ed1ab_1
  - scikit-learn=1.1.2=py38h27a3d75_0
  - scipy=1.9.1=py38hb5a21b1_0
  - setuptools=59.8.0=py38h50d1736_1
  - six=1.16.0=pyh6c4a22f_0
  - snappy=1.1.9=h6e38e02_1
  - snowballstemmer=2.2.0=pyhd8ed1ab_0
  - sortedcontainers=2.4.0=pyhd8ed1ab_0
  - sphinx=5.1.1=pyhd8ed1ab_1
  - sphinx_rtd_theme=1.0.0=pyhd8ed1ab_0
  - sphinxcontrib-applehelp=1.0.2=py_0
  - sphinxcontrib-devhelp=1.0.2=py_0
  - sphinxcontrib-htmlhelp=2.0.0=pyhd8ed1ab_0
  - sphinxcontrib-jsmath=1.0.1=py_0
  - sphinxcontrib-qthelp=1.0.3=py_0
  - sphinxcontrib-serializinghtml=1.1.5=pyhd8ed1ab_2
  - sqlite=3.39.3=h9ae0607_0
  - stack_data=0.5.0=pyhd8ed1ab_0
  - tblib=1.7.0=pyhd8ed1ab_0
  - threadpoolctl=3.1.0=pyh8a188c0_0
  - tk=8.6.12=h5dbffcc_0
  - toolz=0.12.0=pyhd8ed1ab_0
  - tornado=6.1=py38hed1de0f_3
  - traitlets=5.4.0=pyhd8ed1ab_0
  - typing_extensions=4.3.0=pyha770c72_0
  - ujson=5.5.0=py38h4cd09af_0
  - urllib3=1.26.11=pyhd8ed1ab_0
  - wcwidth=0.2.5=pyh9f0ad1d_2
  - wheel=0.37.1=pyhd8ed1ab_0
  - xorg-libxau=1.0.9=h35c211d_0
  - xorg-libxdmcp=1.1.3=h35c211d_0
  - xz=5.2.6=h775f41a_0
  - yaml=0.2.5=h0d85af4_2
  - zeromq=4.3.4=he49afe7_1
  - zict=2.2.0=pyhd8ed1ab_0
  - zipp=3.8.1=pyhd8ed1ab_0
  - zstd=1.5.2=hfa58983_4
  - pip:
    - aiofiles==22.1.0
    - aiohttp==3.8.1
    - aiosignal==1.2.0
    - anyio==3.6.1
    - argon2-cffi==21.3.0
    - argon2-cffi-bindings==21.2.0
    - async-timeout==4.0.2
    - autodoc-pydantic==1.7.2
    - beautifulsoup4==4.11.1
    - bleach==5.0.1
    - contourpy==1.0.5
    - cramjam==2.5.0
    - cycler==0.11.0
    - dask-glm==0.2.0
    - dask-ml==2022.5.27
    - defusedxml==0.7.1
    - dnspython==2.2.1
    - email-validator==1.3.0
    - fastapi==0.85.0
    - fastjsonschema==2.16.1
    - fastparquet==0.8.3
    - fonttools==4.37.2
    - frozenlist==1.3.1
    - gunicorn==20.1.0
    - h11==0.12.0
    - httpcore==0.15.0
    - httptools==0.5.0
    - httpx==0.23.0
    - iniconfig==1.1.1
    - ipywidgets==8.0.2
    - itsdangerous==2.1.2
    - jupyter-server==1.18.1
    - jupyter-server-proxy==3.2.2
    - jupyterlab-pygments==0.2.2
    - jupyterlab-widgets==3.0.3
    - kiwisolver==1.4.4
    - llvmlite==0.39.1
    - lxml==4.9.1
    - matplotlib==3.6.0
    - mistune==2.0.4
    - multidict==6.0.2
    - multipledispatch==0.6.0
    - nbclient==0.6.8
    - nbconvert==7.0.0
    - nbformat==5.5.0
    - numba==0.56.2
    - numpydoc==1.4.0
    - orjson==3.8.0
    - pandocfilters==1.5.0
    - pluggy==1.0.0
    - prometheus-client==0.12.0
    - py==1.11.0
    - pyarrow==9.0.0
    - pydantic==1.10.2
    - pytest==7.1.3
    - python-dotenv==0.21.0
    - python-multipart==0.0.5
    - redis==3.5.3
    - rejson==0.5.6
    - rfc3986==1.5.0
    - seaborn==0.12.0
    - send2trash==1.8.0
    - simpervisor==0.4
    - skorch==0.11.0
    - sniffio==1.3.0
    - soupsieve==2.3.2.post1
    - starlette==0.20.4
    - starlette-exporter==0.14.0
    - starlette-prometheus==0.9.0
    - tabulate==0.8.10
    - terminado==0.15.0
    - tinycss2==1.1.1
    - tomli==2.0.1
    - torch==1.12.1
    - tqdm==4.64.1
    - uvicorn==0.18.3
    - uvloop==0.17.0
    - watchfiles==0.17.0
    - webencodings==0.5.1
    - websocket-client==1.4.1
    - websockets==10.3
    - widgetsnbextension==4.0.3
    - yarl==1.8.1
